
Microsoft Visual Studio Solution File, Format Version 12.00
# Visual Studio 15
VisualStudioVersion = 15.0.28010.2036
MinimumVisualStudioVersion = 10.0.40219.1
Project("{FAE04EC0-301F-11D3-BF4B-00C04F79EFBC}") = "TextEditor", "TextEditor\TextEditor.csproj", "{3FF43A17-405B-4B38-829C-57A030D7FE06}"
EndProject
Project("{FAE04EC0-301F-11D3-BF4B-00C04F79EFBC}") = "TextEditor.BL", "TextEditor.BL\TextEditor.BL.csproj", "{DE849E7F-3F5F-4ABC-A438-90C45487F2E9}"
EndProject
Global
	GlobalSection(SolutionConfigurationPlatforms) = preSolution
		Debug|Any CPU = Debug|Any CPU
		Release|Any CPU = Release|Any CPU
	EndGlobalSection
	GlobalSection(ProjectConfigurationPlatforms) = postSolution
		{3FF43A17-405B-4B38-829C-57A030D7FE06}.Debug|Any CPU.ActiveCfg = Debug|Any CPU
		{3FF43A17-405B-4B38-829C-57A030D7FE06}.Debug|Any CPU.Build.0 = Debug|Any CPU
		{3FF43A17-405B-4B38-829C-57A030D7FE06}.Release|Any CPU.ActiveCfg = Release|Any CPU
		{3FF43A17-405B-4B38-829C-57A030D7FE06}.Release|Any CPU.Build.0 = Release|Any CPU
		{DE849E7F-3F5F-4ABC-A438-90C45487F2E9}.Debug|Any CPU.ActiveCfg = Debug|Any CPU
		{DE849E7F-3F5F-4ABC-A438-90C45487F2E9}.Debug|Any CPU.Build.0 = Debug|Any CPU
		{DE849E7F-3F5F-4ABC-A438-90C45487F2E9}.Release|Any CPU.ActiveCfg = Release|Any CPU
		{DE849E7F-3F5F-4ABC-A438-90C45487F2E9}.Release|Any CPU.Build.0 = Release|Any CPU
	EndGlobalSection
	GlobalSection(SolutionProperties) = preSolution
		HideSolutionNode = FALSE
	EndGlobalSection
	GlobalSection(ExtensibilityGlobals) = postSolution
		SolutionGuid = {FD9A5355-E808-4190-9FE1-C985D031595C}
	EndGlobalSection
EndGlobal
